
Microsoft Visual Studio Solution File, Format Version 12.00
# Visual Studio Version 17
VisualStudioVersion = 17.5.33424.131
MinimumVisualStudioVersion = 10.0.40219.1
Project("{9A19103F-16F7-4668-BE54-9A1E7A4F7556}") = "View", "EstanteLivrosMVC\View.csproj", "{9B32EF2C-8344-4E5E-96B9-2DE435B6AD89}"
EndProject
Project("{9A19103F-16F7-4668-BE54-9A1E7A4F7556}") = "Models", "Models\Models.csproj", "{67CC2EC7-DB77-4EA0-9202-A2984B1FCF0F}"
EndProject
Project("{9A19103F-16F7-4668-BE54-9A1E7A4F7556}") = "Controllers", "Controllers\Controllers.csproj", "{34C10CCC-0639-4033-8DA1-3A0BEB918AD2}"
EndProject
Global
	GlobalSection(SolutionConfigurationPlatforms) = preSolution
		Debug|Any CPU = Debug|Any CPU
		Release|Any CPU = Release|Any CPU
	EndGlobalSection
	GlobalSection(ProjectConfigurationPlatforms) = postSolution
		{9B32EF2C-8344-4E5E-96B9-2DE435B6AD89}.Debug|Any CPU.ActiveCfg = Debug|Any CPU
		{9B32EF2C-8344-4E5E-96B9-2DE435B6AD89}.Debug|Any CPU.Build.0 = Debug|Any CPU
		{9B32EF2C-8344-4E5E-96B9-2DE435B6AD89}.Release|Any CPU.ActiveCfg = Release|Any CPU
		{9B32EF2C-8344-4E5E-96B9-2DE435B6AD89}.Release|Any CPU.Build.0 = Release|Any CPU
		{67CC2EC7-DB77-4EA0-9202-A2984B1FCF0F}.Debug|Any CPU.ActiveCfg = Debug|Any CPU
		{67CC2EC7-DB77-4EA0-9202-A2984B1FCF0F}.Debug|Any CPU.Build.0 = Debug|Any CPU
		{67CC2EC7-DB77-4EA0-9202-A2984B1FCF0F}.Release|Any CPU.ActiveCfg = Release|Any CPU
		{67CC2EC7-DB77-4EA0-9202-A2984B1FCF0F}.Release|Any CPU.Build.0 = Release|Any CPU
		{34C10CCC-0639-4033-8DA1-3A0BEB918AD2}.Debug|Any CPU.ActiveCfg = Debug|Any CPU
		{34C10CCC-0639-4033-8DA1-3A0BEB918AD2}.Debug|Any CPU.Build.0 = Debug|Any CPU
		{34C10CCC-0639-4033-8DA1-3A0BEB918AD2}.Release|Any CPU.ActiveCfg = Release|Any CPU
		{34C10CCC-0639-4033-8DA1-3A0BEB918AD2}.Release|Any CPU.Build.0 = Release|Any CPU
	EndGlobalSection
	GlobalSection(SolutionProperties) = preSolution
		HideSolutionNode = FALSE
	EndGlobalSection
	GlobalSection(ExtensibilityGlobals) = postSolution
		SolutionGuid = {DA7A0251-D28A-406B-B7AE-36C6FA66B4A7}
	EndGlobalSection
EndGlobal
